{
  "lockfile_version": "1",
  "packages": {
    "age@latest": {
      "last_modified": "2024-08-14T11:41:26Z",
      "resolved": "github:NixOS/nixpkgs/0cb2fd7c59fed0cd82ef858cbcbdb552b9a33465#age",
      "source": "devbox-search",
      "version": "1.2.0",
      "systems": {
        "aarch64-darwin": {
          "outputs": [
            {
              "name": "out",
              "path": "/nix/store/x6rr9lywh6zmb9f95zlabzb7qyjd75cv-age-1.2.0",
              "default": true
            }
          ],
          "store_path": "/nix/store/x6rr9lywh6zmb9f95zlabzb7qyjd75cv-age-1.2.0"
        },
        "aarch64-linux": {
          "outputs": [
            {
              "name": "out",
              "path": "/nix/store/jhya3h74j5p3zfzwnwq3lwph4j7b7hbs-age-1.2.0",
              "default": true
            }
          ],
          "store_path": "/nix/store/jhya3h74j5p3zfzwnwq3lwph4j7b7hbs-age-1.2.0"
        },
        "x86_64-darwin": {
          "outputs": [
            {
              "name": "out",
              "path": "/nix/store/yyy65p4mvx91f08w79sc9l8yb0qn2cp1-age-1.2.0",
              "default": true
            }
          ],
          "store_path": "/nix/store/yyy65p4mvx91f08w79sc9l8yb0qn2cp1-age-1.2.0"
        },
        "x86_64-linux": {
          "outputs": [
            {
              "name": "out",
              "path": "/nix/store/pw02ad9n399yxbcnimargh3s82a0vb9w-age-1.2.0",
              "default": true
            }
          ],
          "store_path": "/nix/store/pw02ad9n399yxbcnimargh3s82a0vb9w-age-1.2.0"
        }
      }
    },
    "alacritty@latest": {
      "last_modified": "2024-08-14T11:41:26Z",
      "resolved": "github:NixOS/nixpkgs/0cb2fd7c59fed0cd82ef858cbcbdb552b9a33465#alacritty",
      "source": "devbox-search",
      "version": "0.13.2",
      "systems": {
        "aarch64-darwin": {
          "outputs": [
            {
              "name": "out",
              "path": "/nix/store/pmc99pnl7advgw36c4xnsh98942lb6ka-alacritty-0.13.2",
              "default": true
            },
            {
              "name": "terminfo",
              "path": "/nix/store/3334jm1ds5zhfj6kihxal8anic6cdssl-alacritty-0.13.2-terminfo"
            }
          ],
          "store_path": "/nix/store/pmc99pnl7advgw36c4xnsh98942lb6ka-alacritty-0.13.2"
        },
        "aarch64-linux": {
          "outputs": [
            {
              "name": "out",
              "path": "/nix/store/2mxb7in99vlnn53dh7x0p4j8m2yvnr88-alacritty-0.13.2",
              "default": true
            },
            {
              "name": "terminfo",
              "path": "/nix/store/pjdbw1wmyhkhswbdpjyk6drxsr6c0hg4-alacritty-0.13.2-terminfo"
            }
          ],
          "store_path": "/nix/store/2mxb7in99vlnn53dh7x0p4j8m2yvnr88-alacritty-0.13.2"
        },
        "x86_64-darwin": {
          "outputs": [
            {
              "name": "out",
              "path": "/nix/store/s9np77q43h34k9bkm06n25473mnaaya2-alacritty-0.13.2",
              "default": true
            },
            {
              "name": "terminfo",
              "path": "/nix/store/h332dxvz7gxjl3i8v4i7zcwj9066ahsr-alacritty-0.13.2-terminfo"
            }
          ],
          "store_path": "/nix/store/s9np77q43h34k9bkm06n25473mnaaya2-alacritty-0.13.2"
        },
        "x86_64-linux": {
          "outputs": [
            {
              "name": "out",
              "path": "/nix/store/11i1fcdbrkjbsv17728frqyfz8w43r01-alacritty-0.13.2",
              "default": true
            },
            {
              "name": "terminfo",
              "path": "/nix/store/5f4xfng3f1mjgir0dj2awa8k4rscnjzg-alacritty-0.13.2-terminfo"
            }
          ],
          "store_path": "/nix/store/11i1fcdbrkjbsv17728frqyfz8w43r01-alacritty-0.13.2"
        }
      }
    },
    "atuin@latest": {
      "last_modified": "2024-08-14T11:41:26Z",
      "resolved": "github:NixOS/nixpkgs/0cb2fd7c59fed0cd82ef858cbcbdb552b9a33465#atuin",
      "source": "devbox-search",
      "version": "18.3.0",
      "systems": {
        "aarch64-darwin": {
          "outputs": [
            {
              "name": "out",
              "path": "/nix/store/imgh8mjpck0xadj64h9q4gqrjaj9pbn7-atuin-18.3.0",
              "default": true
            }
          ],
          "store_path": "/nix/store/imgh8mjpck0xadj64h9q4gqrjaj9pbn7-atuin-18.3.0"
        },
        "aarch64-linux": {
          "outputs": [
            {
              "name": "out",
              "path": "/nix/store/dgij2qjbv5x457svamgbfpx6jxcrxgyz-atuin-18.3.0",
              "default": true
            }
          ],
          "store_path": "/nix/store/dgij2qjbv5x457svamgbfpx6jxcrxgyz-atuin-18.3.0"
        },
        "x86_64-darwin": {
          "outputs": [
            {
              "name": "out",
              "path": "/nix/store/dskbwzzg5jmqh7n6y0zrnfi851yfzhss-atuin-18.3.0",
              "default": true
            }
          ],
          "store_path": "/nix/store/dskbwzzg5jmqh7n6y0zrnfi851yfzhss-atuin-18.3.0"
        },
        "x86_64-linux": {
          "outputs": [
            {
              "name": "out",
              "path": "/nix/store/ia0razxa5fyr1p9xqa1vqxxk82qymah0-atuin-18.3.0",
              "default": true
            }
          ],
          "store_path": "/nix/store/ia0razxa5fyr1p9xqa1vqxxk82qymah0-atuin-18.3.0"
        }
      }
    },
    "bat@latest": {
      "last_modified": "2024-08-14T11:41:26Z",
      "resolved": "github:NixOS/nixpkgs/0cb2fd7c59fed0cd82ef858cbcbdb552b9a33465#bat",
      "source": "devbox-search",
      "version": "0.24.0",
      "systems": {
        "aarch64-darwin": {
          "outputs": [
            {
              "name": "out",
              "path": "/nix/store/bjxr3xjgdmaa7mqrzqwqs6lrjzvl788h-bat-0.24.0",
              "default": true
            }
          ],
          "store_path": "/nix/store/bjxr3xjgdmaa7mqrzqwqs6lrjzvl788h-bat-0.24.0"
        },
        "aarch64-linux": {
          "outputs": [
            {
              "name": "out",
              "path": "/nix/store/1k0i0vjma7n3x8rriacw2r8s7yxl3llg-bat-0.24.0",
              "default": true
            }
          ],
          "store_path": "/nix/store/1k0i0vjma7n3x8rriacw2r8s7yxl3llg-bat-0.24.0"
        },
        "x86_64-darwin": {
          "outputs": [
            {
              "name": "out",
              "path": "/nix/store/kys948brzj9s8al735v4xd21afvxz465-bat-0.24.0",
              "default": true
            }
          ],
          "store_path": "/nix/store/kys948brzj9s8al735v4xd21afvxz465-bat-0.24.0"
        },
        "x86_64-linux": {
          "outputs": [
            {
              "name": "out",
              "path": "/nix/store/7fyl59kfl9zsmdgkn5fi3715ghhxc2xf-bat-0.24.0",
              "default": true
            }
          ],
          "store_path": "/nix/store/7fyl59kfl9zsmdgkn5fi3715ghhxc2xf-bat-0.24.0"
        }
      }
    },
    "busybox@latest": {
      "last_modified": "2024-08-18T12:44:29Z",
      "resolved": "github:NixOS/nixpkgs/ff1c2669bbb4d0dd9e62cc94f0968cfa652ceec1#busybox",
      "source": "devbox-search",
      "version": "1.36.1",
      "systems": {
        "aarch64-linux": {
          "outputs": [
            {
              "name": "out",
              "path": "/nix/store/vi5n2bynn1amvxnlqpjs5hnnhpji03xq-busybox-1.36.1",
              "default": true
            },
            {
              "name": "debug",
              "path": "/nix/store/3xfpjf8p1l7p46b9hxal2a6652hqhj78-busybox-1.36.1-debug"
            }
          ],
          "store_path": "/nix/store/vi5n2bynn1amvxnlqpjs5hnnhpji03xq-busybox-1.36.1"
        },
        "x86_64-linux": {
          "outputs": [
            {
              "name": "out",
              "path": "/nix/store/4d2jk272h9gdgvmggsz1vwa2lf1sh7yz-busybox-1.36.1",
              "default": true
            },
            {
              "name": "debug",
              "path": "/nix/store/kyzhayych0snvsjl641q0fpv87rm0m3g-busybox-1.36.1-debug"
            }
          ],
          "store_path": "/nix/store/4d2jk272h9gdgvmggsz1vwa2lf1sh7yz-busybox-1.36.1"
        }
      }
    },
    "darwin.iproute2mac": {
      "resolved": "github:NixOS/nixpkgs/75a52265bda7fd25e06e3a67dee3f0354e73243c#darwin.iproute2mac",
      "source": "nixpkg"
    },
    "docker@latest": {
      "last_modified": "2024-08-17T10:40:00Z",
      "resolved": "github:NixOS/nixpkgs/a0d6390cb3e82062a35d0288979c45756e481f60#docker",
      "source": "devbox-search",
      "version": "27.1.1",
      "systems": {
        "aarch64-darwin": {
          "outputs": [
            {
              "name": "out",
              "path": "/nix/store/6hczrp87s1gc43shvfm72li0wgxcdnav-docker-27.1.1",
              "default": true
            }
          ],
          "store_path": "/nix/store/6hczrp87s1gc43shvfm72li0wgxcdnav-docker-27.1.1"
        },
        "aarch64-linux": {
          "outputs": [
            {
              "name": "out",
              "path": "/nix/store/9y377zbhflzw9080lpk8rhbgdmb1sm33-docker-27.1.1",
              "default": true
            }
          ],
          "store_path": "/nix/store/9y377zbhflzw9080lpk8rhbgdmb1sm33-docker-27.1.1"
        },
        "x86_64-darwin": {
          "outputs": [
            {
              "name": "out",
              "path": "/nix/store/bngmcm26xmywy5mmgnvmygb9fjv2252j-docker-27.1.1",
              "default": true
            }
          ],
          "store_path": "/nix/store/bngmcm26xmywy5mmgnvmygb9fjv2252j-docker-27.1.1"
        },
        "x86_64-linux": {
          "outputs": [
            {
              "name": "out",
              "path": "/nix/store/jp31x76yh6x6gdy82c0chd9rha9pk6zf-docker-27.1.1",
              "default": true
            }
          ],
          "store_path": "/nix/store/jp31x76yh6x6gdy82c0chd9rha9pk6zf-docker-27.1.1"
        }
      }
    },
    "dust@latest": {
      "last_modified": "2024-08-14T11:41:26Z",
      "resolved": "github:NixOS/nixpkgs/0cb2fd7c59fed0cd82ef858cbcbdb552b9a33465#dust",
      "source": "devbox-search",
      "version": "1.1.1",
      "systems": {
        "aarch64-darwin": {
          "outputs": [
            {
              "name": "out",
              "path": "/nix/store/mjd5k3nwm9vlray89swa7fb1lcpnlb37-du-dust-1.1.1",
              "default": true
            }
          ],
          "store_path": "/nix/store/mjd5k3nwm9vlray89swa7fb1lcpnlb37-du-dust-1.1.1"
        },
        "aarch64-linux": {
          "outputs": [
            {
              "name": "out",
              "path": "/nix/store/1v1nz2pk9ndpcw8dk8lpks82g2f03gxl-du-dust-1.1.1",
              "default": true
            }
          ],
          "store_path": "/nix/store/1v1nz2pk9ndpcw8dk8lpks82g2f03gxl-du-dust-1.1.1"
        },
        "x86_64-darwin": {
          "outputs": [
            {
              "name": "out",
              "path": "/nix/store/rvrr5d712zinrvijwzn3698nmaqfwmsp-du-dust-1.1.1",
              "default": true
            }
          ],
          "store_path": "/nix/store/rvrr5d712zinrvijwzn3698nmaqfwmsp-du-dust-1.1.1"
        },
        "x86_64-linux": {
          "outputs": [
            {
              "name": "out",
              "path": "/nix/store/5rl4kw6g6yy8ams6qk131f3jxkmarlmj-du-dust-1.1.1",
              "default": true
            }
          ],
          "store_path": "/nix/store/5rl4kw6g6yy8ams6qk131f3jxkmarlmj-du-dust-1.1.1"
        }
      }
    },
    "exa@latest": {
      "last_modified": "2023-09-06T20:35:33Z",
      "resolved": "github:NixOS/nixpkgs/efd23a1c9ae8c574e2ca923c2b2dc336797f4cc4#exa",
      "source": "devbox-search",
      "version": "2023-03-01",
      "systems": {
        "aarch64-darwin": {
          "outputs": [
            {
              "name": "out",
              "path": "/nix/store/b8gn0ypb3wd82673iahqk099ifriflyq-exa-unstable-2023-03-01",
              "default": true
            },
            {
              "name": "man",
              "path": "/nix/store/6zrm41sxcdv8dz8hbfv7pzn0mkyhs719-exa-unstable-2023-03-01-man",
              "default": true
            }
          ],
          "store_path": "/nix/store/b8gn0ypb3wd82673iahqk099ifriflyq-exa-unstable-2023-03-01"
        },
        "aarch64-linux": {
          "outputs": [
            {
              "name": "out",
              "path": "/nix/store/baaa6q31c6y8nc88h0grvj6357lq01gj-exa-unstable-2023-03-01",
              "default": true
            },
            {
              "name": "man",
              "path": "/nix/store/ppm5fkisj17cjlfcbffxkvxkmk2ziw7k-exa-unstable-2023-03-01-man",
              "default": true
            }
          ],
          "store_path": "/nix/store/baaa6q31c6y8nc88h0grvj6357lq01gj-exa-unstable-2023-03-01"
        },
        "x86_64-darwin": {
          "outputs": [
            {
              "name": "out",
              "path": "/nix/store/sdqspvbzvs1d1kvfkwj4yngwywdc1s8r-exa-unstable-2023-03-01",
              "default": true
            },
            {
              "name": "man",
              "path": "/nix/store/vnrzjf30j81jxj3hifni82q9wshyv08b-exa-unstable-2023-03-01-man",
              "default": true
            }
          ],
          "store_path": "/nix/store/sdqspvbzvs1d1kvfkwj4yngwywdc1s8r-exa-unstable-2023-03-01"
        },
        "x86_64-linux": {
          "outputs": [
            {
              "name": "out",
              "path": "/nix/store/9rcc6z61paivss0g7d96izw7zqmg21gx-exa-unstable-2023-03-01",
              "default": true
            },
            {
              "name": "man",
              "path": "/nix/store/irlqy66p5rw7vhfj82frv9szi97kji3k-exa-unstable-2023-03-01-man",
              "default": true
            }
          ],
          "store_path": "/nix/store/9rcc6z61paivss0g7d96izw7zqmg21gx-exa-unstable-2023-03-01"
        }
      }
    },
    "fd@latest": {
      "last_modified": "2024-08-14T11:41:26Z",
      "resolved": "github:NixOS/nixpkgs/0cb2fd7c59fed0cd82ef858cbcbdb552b9a33465#fd",
      "source": "devbox-search",
      "version": "10.1.0",
      "systems": {
        "aarch64-darwin": {
          "outputs": [
            {
              "name": "out",
              "path": "/nix/store/x25y9kd6kzzrh0j5jvzgakfvmlrni2l4-fd-10.1.0",
              "default": true
            }
          ],
          "store_path": "/nix/store/x25y9kd6kzzrh0j5jvzgakfvmlrni2l4-fd-10.1.0"
        },
        "aarch64-linux": {
          "outputs": [
            {
              "name": "out",
              "path": "/nix/store/lasxhvpmlmqz14yvhqw5yzsmjivrchxb-fd-10.1.0",
              "default": true
            }
          ],
          "store_path": "/nix/store/lasxhvpmlmqz14yvhqw5yzsmjivrchxb-fd-10.1.0"
        },
        "x86_64-darwin": {
          "outputs": [
            {
              "name": "out",
              "path": "/nix/store/1a7lw9ds920ki1mai1dq92982d0kq90l-fd-10.1.0",
              "default": true
            }
          ],
          "store_path": "/nix/store/1a7lw9ds920ki1mai1dq92982d0kq90l-fd-10.1.0"
        },
        "x86_64-linux": {
          "outputs": [
            {
              "name": "out",
              "path": "/nix/store/cf1ljx09z8m048i45270ncdpbs65iglm-fd-10.1.0",
              "default": true
            }
          ],
          "store_path": "/nix/store/cf1ljx09z8m048i45270ncdpbs65iglm-fd-10.1.0"
        }
      }
    },
    "fzf@latest": {
      "last_modified": "2024-08-14T11:41:26Z",
      "resolved": "github:NixOS/nixpkgs/0cb2fd7c59fed0cd82ef858cbcbdb552b9a33465#fzf",
      "source": "devbox-search",
      "version": "0.54.3",
      "systems": {
        "aarch64-darwin": {
          "outputs": [
            {
              "name": "out",
              "path": "/nix/store/v0pgkspnpxx8dj367bwkwjv4c0cl54qz-fzf-0.54.3",
              "default": true
            },
            {
              "name": "man",
              "path": "/nix/store/1ym57sqykp55waj4fd416p1gkcbm65cg-fzf-0.54.3-man",
              "default": true
            }
          ],
          "store_path": "/nix/store/v0pgkspnpxx8dj367bwkwjv4c0cl54qz-fzf-0.54.3"
        },
        "aarch64-linux": {
          "outputs": [
            {
              "name": "out",
              "path": "/nix/store/vfn28ywayq0kpbiawpngpys4nlihhv9a-fzf-0.54.3",
              "default": true
            },
            {
              "name": "man",
              "path": "/nix/store/cfqsw87pxaghr3m88ygyckjnd5sf2vhc-fzf-0.54.3-man",
              "default": true
            }
          ],
          "store_path": "/nix/store/vfn28ywayq0kpbiawpngpys4nlihhv9a-fzf-0.54.3"
        },
        "x86_64-darwin": {
          "outputs": [
            {
              "name": "out",
              "path": "/nix/store/xjf0yh7ppn8r5q4r8cmyjyab7cz7s6ah-fzf-0.54.3",
              "default": true
            },
            {
              "name": "man",
              "path": "/nix/store/46s6hz7x0klhh6adyss16z6la509xns7-fzf-0.54.3-man",
              "default": true
            }
          ],
          "store_path": "/nix/store/xjf0yh7ppn8r5q4r8cmyjyab7cz7s6ah-fzf-0.54.3"
        },
        "x86_64-linux": {
          "outputs": [
            {
              "name": "out",
              "path": "/nix/store/8dmq6m0cynss73m9hrbxapzn1bbbkmj9-fzf-0.54.3",
              "default": true
            },
            {
              "name": "man",
              "path": "/nix/store/z7b2fr07qfbyg1nw1qjlz1xc2a4mz843-fzf-0.54.3-man",
              "default": true
            }
          ],
          "store_path": "/nix/store/8dmq6m0cynss73m9hrbxapzn1bbbkmj9-fzf-0.54.3"
        }
      }
    },
    "gcc@latest": {
      "last_modified": "2024-08-20T00:35:34Z",
      "resolved": "github:NixOS/nixpkgs/f02fa2f654c7bcc45f0e815c29d093da7f1245b4#gcc14",
      "source": "devbox-search",
      "version": "14.2.0",
      "systems": {
        "aarch64-darwin": {
          "outputs": [
            {
              "name": "out",
              "path": "/nix/store/1isp13qkjbfmwc3iwpaalbmff99jx2ss-gcc-wrapper-14.2.0",
              "default": true
            },
            {
              "name": "man",
              "path": "/nix/store/xpqdgdbz1la93j70dn6hyvvizcj4bvj1-gcc-wrapper-14.2.0-man",
              "default": true
            },
            {
              "name": "info",
              "path": "/nix/store/2296magwmhsl2i6lwv8yfdz8n9h133sp-gcc-wrapper-14.2.0-info"
            }
          ],
          "store_path": "/nix/store/1isp13qkjbfmwc3iwpaalbmff99jx2ss-gcc-wrapper-14.2.0"
        },
        "aarch64-linux": {
          "outputs": [
            {
              "name": "out",
              "path": "/nix/store/mnaajrkjs6qg4r83akwa48m4mqjsw623-gcc-wrapper-14.2.0",
              "default": true
            },
            {
              "name": "man",
              "path": "/nix/store/6jlj23h2dawdkmaspn7zhjjk90im44mk-gcc-wrapper-14.2.0-man",
              "default": true
            },
            {
              "name": "info",
              "path": "/nix/store/1jqflhhw4qnli5czwd5301idyz99yick-gcc-wrapper-14.2.0-info"
            }
          ],
          "store_path": "/nix/store/mnaajrkjs6qg4r83akwa48m4mqjsw623-gcc-wrapper-14.2.0"
        },
        "x86_64-darwin": {
          "outputs": [
            {
              "name": "out",
              "path": "/nix/store/5mgyccpq519mpw3sx9ywmkp4px9z1ivn-gcc-wrapper-14.2.0",
              "default": true
            },
            {
              "name": "man",
              "path": "/nix/store/ajh2rlvb3dkjfdqvws8gd1ppx39azqb1-gcc-wrapper-14.2.0-man",
              "default": true
            },
            {
              "name": "info",
              "path": "/nix/store/hhlbn2552py47x5n0f8jfh7j17f1fxpb-gcc-wrapper-14.2.0-info"
            }
          ],
          "store_path": "/nix/store/5mgyccpq519mpw3sx9ywmkp4px9z1ivn-gcc-wrapper-14.2.0"
        },
        "x86_64-linux": {
          "outputs": [
            {
              "name": "out",
              "path": "/nix/store/abjqnplaq64xfss8s71v1dnlgg316gc3-gcc-wrapper-14.2.0",
              "default": true
            },
            {
              "name": "man",
              "path": "/nix/store/vxljmd12c5n0ip0sd748k7h9in1nl9bi-gcc-wrapper-14.2.0-man",
              "default": true
            },
            {
              "name": "info",
              "path": "/nix/store/rv2villabhy3swnk2552nvkxdb3r48vi-gcc-wrapper-14.2.0-info"
            }
          ],
          "store_path": "/nix/store/abjqnplaq64xfss8s71v1dnlgg316gc3-gcc-wrapper-14.2.0"
        }
      }
    },
    "gh@latest": {
      "last_modified": "2024-08-21T11:30:02Z",
      "resolved": "github:NixOS/nixpkgs/f132a77a82530de0d10216f09857090d324fee05#gh",
      "source": "devbox-search",
      "version": "2.55.0",
      "systems": {
        "aarch64-darwin": {
          "outputs": [
            {
              "name": "out",
              "path": "/nix/store/wfvn7fyzp9swfs5gxf6nwplccwfniaas-gh-2.55.0",
              "default": true
            }
          ],
          "store_path": "/nix/store/wfvn7fyzp9swfs5gxf6nwplccwfniaas-gh-2.55.0"
        },
        "aarch64-linux": {
          "outputs": [
            {
              "name": "out",
              "path": "/nix/store/d4jzh3n34mqvw6s2nccdc420vwjpjwl0-gh-2.55.0",
              "default": true
            }
          ],
          "store_path": "/nix/store/d4jzh3n34mqvw6s2nccdc420vwjpjwl0-gh-2.55.0"
        },
        "x86_64-darwin": {
          "outputs": [
            {
              "name": "out",
              "path": "/nix/store/v08skvfjvpfy7qagjjghb17ppm50785k-gh-2.55.0",
              "default": true
            }
          ],
          "store_path": "/nix/store/v08skvfjvpfy7qagjjghb17ppm50785k-gh-2.55.0"
        },
        "x86_64-linux": {
          "outputs": [
            {
              "name": "out",
              "path": "/nix/store/a556phhrc0spd0z2yn5q2x4h3qpfc8rk-gh-2.55.0",
              "default": true
            }
          ],
          "store_path": "/nix/store/a556phhrc0spd0z2yn5q2x4h3qpfc8rk-gh-2.55.0"
        }
      }
    },
    "git@latest": {
      "last_modified": "2024-08-16T17:05:30Z",
      "resolved": "github:NixOS/nixpkgs/d4a7a4d0e066278bfb0d77bd2a7adde1c0ec9e3d#git",
      "source": "devbox-search",
      "version": "2.45.2",
      "systems": {
        "aarch64-darwin": {
          "outputs": [
            {
              "name": "out",
              "path": "/nix/store/0hiwlijxhs9mvigjfsggl5rkr4gpk52q-git-2.45.2",
              "default": true
            },
            {
              "name": "doc",
              "path": "/nix/store/rfzz8cr3hsk7gr35dk7hcbrfyqyxjibn-git-2.45.2-doc"
            }
          ],
          "store_path": "/nix/store/0hiwlijxhs9mvigjfsggl5rkr4gpk52q-git-2.45.2"
        },
        "aarch64-linux": {
          "outputs": [
            {
              "name": "out",
              "path": "/nix/store/psrwvc0d56phgxn35dam0mkl6793ii4m-git-2.45.2",
              "default": true
            },
            {
              "name": "debug",
              "path": "/nix/store/5hhh66s7rvqj321mp6dqshsrh16prycr-git-2.45.2-debug"
            },
            {
              "name": "doc",
              "path": "/nix/store/xymplxcmd2snjikl6z7i45v2mrn1ghbl-git-2.45.2-doc"
            }
          ],
          "store_path": "/nix/store/psrwvc0d56phgxn35dam0mkl6793ii4m-git-2.45.2"
        },
        "x86_64-darwin": {
          "outputs": [
            {
              "name": "out",
              "path": "/nix/store/82ibhj1j82f19d4vwn7z88c9b1zg7xxa-git-2.45.2",
              "default": true
            },
            {
              "name": "doc",
              "path": "/nix/store/z8q4agw3vfj7vlix8ppswrz900i6bsn3-git-2.45.2-doc"
            }
          ],
          "store_path": "/nix/store/82ibhj1j82f19d4vwn7z88c9b1zg7xxa-git-2.45.2"
        },
        "x86_64-linux": {
          "outputs": [
            {
              "name": "out",
              "path": "/nix/store/p45c31p2qhwjy4vf60v2d2mw9bvvpb67-git-2.45.2",
              "default": true
            },
            {
              "name": "debug",
              "path": "/nix/store/avmjkyw7m8qj9ylbziwigahmcyrgyxig-git-2.45.2-debug"
            },
            {
              "name": "doc",
              "path": "/nix/store/qlc68q98b3q3nd7prbdmkmm133vy2bf1-git-2.45.2-doc"
            }
          ],
          "store_path": "/nix/store/p45c31p2qhwjy4vf60v2d2mw9bvvpb67-git-2.45.2"
        }
      }
    },
    "gnumake@latest": {
      "last_modified": "2024-08-18T21:16:56Z",
      "resolved": "github:NixOS/nixpkgs/9aa35efbea27d320d0cdc5f922f0890812affb60#gnumake",
      "source": "devbox-search",
      "version": "4.4.1",
      "systems": {
        "aarch64-darwin": {
          "outputs": [
            {
              "name": "out",
              "path": "/nix/store/sz3m7krgqnb9cjd2qjd3grhls157sdwf-gnumake-4.4.1",
              "default": true
            },
            {
              "name": "man",
              "path": "/nix/store/6yi88bny7isqyr13vxnazy7ycg4m27zg-gnumake-4.4.1-man",
              "default": true
            },
            {
              "name": "info",
              "path": "/nix/store/qcwvg2pa29jrd227qmwjljncpzcp75gz-gnumake-4.4.1-info"
            }
          ],
          "store_path": "/nix/store/sz3m7krgqnb9cjd2qjd3grhls157sdwf-gnumake-4.4.1"
        },
        "aarch64-linux": {
          "outputs": [
            {
              "name": "out",
              "path": "/nix/store/zisc80m4vlwzvcl152fjyfprfdhnq1mc-gnumake-4.4.1",
              "default": true
            },
            {
              "name": "man",
              "path": "/nix/store/hqcwcnqi98k7npg5xqx88wzxf5fkcq6p-gnumake-4.4.1-man",
              "default": true
            },
            {
              "name": "debug",
              "path": "/nix/store/7x2v8w6s0sn2m9av2a8fd9rjpbdz2zhx-gnumake-4.4.1-debug"
            },
            {
              "name": "info",
              "path": "/nix/store/j30jfdwlzd32hbr38s4r1649dv3mfznc-gnumake-4.4.1-info"
            }
          ],
          "store_path": "/nix/store/zisc80m4vlwzvcl152fjyfprfdhnq1mc-gnumake-4.4.1"
        },
        "x86_64-darwin": {
          "outputs": [
            {
              "name": "out",
              "path": "/nix/store/smp8k999pchxy2igjmgp4xsa5p26zlic-gnumake-4.4.1",
              "default": true
            },
            {
              "name": "man",
              "path": "/nix/store/xil73ibrmx0l3wwgm0bzjncraywxbp5c-gnumake-4.4.1-man",
              "default": true
            },
            {
              "name": "info",
              "path": "/nix/store/0gv1wsnadpg2m1m5igz1wjagif7m8fzv-gnumake-4.4.1-info"
            }
          ],
          "store_path": "/nix/store/smp8k999pchxy2igjmgp4xsa5p26zlic-gnumake-4.4.1"
        },
        "x86_64-linux": {
          "outputs": [
            {
              "name": "out",
              "path": "/nix/store/z4g38z9kx48234vrgnqxkijk0bmm9jm5-gnumake-4.4.1",
              "default": true
            },
            {
              "name": "man",
              "path": "/nix/store/2hkypijajcr9nn20b3fkizz419b6fnc0-gnumake-4.4.1-man",
              "default": true
            },
            {
              "name": "debug",
              "path": "/nix/store/ld4s0g2gwckka2851azkv9fqw2bwqpil-gnumake-4.4.1-debug"
            },
            {
              "name": "info",
              "path": "/nix/store/zmicx4r6043zxcqxzrrzm7b429hhdyp5-gnumake-4.4.1-info"
            }
          ],
          "store_path": "/nix/store/z4g38z9kx48234vrgnqxkijk0bmm9jm5-gnumake-4.4.1"
        }
      }
    },
    "gnupg1orig@latest": {
      "last_modified": "2024-08-14T11:41:26Z",
      "resolved": "github:NixOS/nixpkgs/0cb2fd7c59fed0cd82ef858cbcbdb552b9a33465#gnupg1orig",
      "source": "devbox-search",
      "version": "1.4.23",
      "systems": {
        "aarch64-darwin": {
          "outputs": [
            {
              "name": "out",
              "path": "/nix/store/9rgll1j9bfqb6pkyqf75hikyab7n5ih3-gnupg-1.4.23",
              "default": true
            }
          ],
          "store_path": "/nix/store/9rgll1j9bfqb6pkyqf75hikyab7n5ih3-gnupg-1.4.23"
        },
        "aarch64-linux": {
          "outputs": [
            {
              "name": "out",
              "path": "/nix/store/mrfn0spipn322dcm0dvv07rs9wqn8j7h-gnupg-1.4.23",
              "default": true
            }
          ],
          "store_path": "/nix/store/mrfn0spipn322dcm0dvv07rs9wqn8j7h-gnupg-1.4.23"
        },
        "x86_64-darwin": {
          "outputs": [
            {
              "name": "out",
              "path": "/nix/store/d0h6llm8bqp9xvrnsvjcivip05wkkvbk-gnupg-1.4.23",
              "default": true
            }
          ],
          "store_path": "/nix/store/d0h6llm8bqp9xvrnsvjcivip05wkkvbk-gnupg-1.4.23"
        },
        "x86_64-linux": {
          "outputs": [
            {
              "name": "out",
              "path": "/nix/store/rhpl100126igq0r633gila0djkrs0hvr-gnupg-1.4.23",
              "default": true
            }
          ],
          "store_path": "/nix/store/rhpl100126igq0r633gila0djkrs0hvr-gnupg-1.4.23"
        }
      }
    },
    "gum@latest": {
      "last_modified": "2024-08-14T11:41:26Z",
      "resolved": "github:NixOS/nixpkgs/0cb2fd7c59fed0cd82ef858cbcbdb552b9a33465#gum",
      "source": "devbox-search",
      "version": "0.14.3",
      "systems": {
        "aarch64-darwin": {
          "outputs": [
            {
              "name": "out",
              "path": "/nix/store/rkf4cn71s3pd82b6rfn2q0nb8vl4h4qv-gum-0.14.3",
              "default": true
            }
          ],
          "store_path": "/nix/store/rkf4cn71s3pd82b6rfn2q0nb8vl4h4qv-gum-0.14.3"
        },
        "aarch64-linux": {
          "outputs": [
            {
              "name": "out",
              "path": "/nix/store/5mx01pjljxp7xynjgjvygbxs4czq0k61-gum-0.14.3",
              "default": true
            }
          ],
          "store_path": "/nix/store/5mx01pjljxp7xynjgjvygbxs4czq0k61-gum-0.14.3"
        },
        "x86_64-darwin": {
          "outputs": [
            {
              "name": "out",
              "path": "/nix/store/fb76npdcm5v2iw2ksgdwpj04c48d26rz-gum-0.14.3",
              "default": true
            }
          ],
          "store_path": "/nix/store/fb76npdcm5v2iw2ksgdwpj04c48d26rz-gum-0.14.3"
        },
        "x86_64-linux": {
          "outputs": [
            {
              "name": "out",
              "path": "/nix/store/6abhjsvq4z61y1v16l2y9fbcd6kdwc6w-gum-0.14.3",
              "default": true
            }
          ],
          "store_path": "/nix/store/6abhjsvq4z61y1v16l2y9fbcd6kdwc6w-gum-0.14.3"
        }
      }
    },
    "iproute2@latest": {
      "last_modified": "2024-08-31T10:12:23Z",
      "resolved": "github:NixOS/nixpkgs/5629520edecb69630a3f4d17d3d33fc96c13f6fe#iproute2",
      "source": "devbox-search",
      "version": "6.10.0",
      "systems": {
        "aarch64-linux": {
          "outputs": [
            {
              "name": "out",
              "path": "/nix/store/silj45w4i004g2h979msra1ah22qil23-iproute2-6.10.0",
              "default": true
            },
            {
              "name": "dev",
              "path": "/nix/store/s4zyv3hx7i7bzkwp7xgilavq7h99c4z1-iproute2-6.10.0-dev"
            }
          ],
          "store_path": "/nix/store/silj45w4i004g2h979msra1ah22qil23-iproute2-6.10.0"
        },
        "x86_64-linux": {
          "outputs": [
            {
              "name": "out",
              "path": "/nix/store/f6n5dhi23iii79004m36p7h5bkh578v3-iproute2-6.10.0",
              "default": true
            },
            {
              "name": "dev",
              "path": "/nix/store/xbbcn44s9ccpw7w9shamxc5x6nyi6aph-iproute2-6.10.0-dev"
            }
          ],
          "store_path": "/nix/store/f6n5dhi23iii79004m36p7h5bkh578v3-iproute2-6.10.0"
        }
      }
    },
    "neovim@latest": {
      "last_modified": "2024-08-14T11:41:26Z",
      "resolved": "github:NixOS/nixpkgs/0cb2fd7c59fed0cd82ef858cbcbdb552b9a33465#neovim",
      "source": "devbox-search",
      "version": "0.10.1",
      "systems": {
        "aarch64-darwin": {
          "outputs": [
            {
              "name": "out",
              "path": "/nix/store/9rmllqx4vzgkr610l3xr7aandkna8b6p-neovim-0.10.1",
              "default": true
            }
          ],
          "store_path": "/nix/store/9rmllqx4vzgkr610l3xr7aandkna8b6p-neovim-0.10.1"
        },
        "aarch64-linux": {
          "outputs": [
            {
              "name": "out",
              "path": "/nix/store/saac7hz15421nrkql3y0jwqx0a3z7g4a-neovim-0.10.1",
              "default": true
            }
          ],
          "store_path": "/nix/store/saac7hz15421nrkql3y0jwqx0a3z7g4a-neovim-0.10.1"
        },
        "x86_64-darwin": {
          "outputs": [
            {
              "name": "out",
              "path": "/nix/store/vqcdqw6acn01c00wzjhbbhzbri1973yk-neovim-0.10.1",
              "default": true
            }
          ],
          "store_path": "/nix/store/vqcdqw6acn01c00wzjhbbhzbri1973yk-neovim-0.10.1"
        },
        "x86_64-linux": {
          "outputs": [
            {
              "name": "out",
              "path": "/nix/store/k5l8wnq3na7d2fzglhfq0zgv9w5giz9z-neovim-0.10.1",
              "default": true
            }
          ],
          "store_path": "/nix/store/k5l8wnq3na7d2fzglhfq0zgv9w5giz9z-neovim-0.10.1"
        }
      }
    },
    "nodejs@latest": {
      "last_modified": "2024-08-14T11:41:26Z",
      "plugin_version": "0.0.2",
      "resolved": "github:NixOS/nixpkgs/0cb2fd7c59fed0cd82ef858cbcbdb552b9a33465#nodejs_22",
      "source": "devbox-search",
      "version": "22.5.1",
      "systems": {
        "aarch64-darwin": {
          "outputs": [
            {
              "name": "out",
              "path": "/nix/store/vbbk37g24vayjad0jzi7jyf92rbadz7l-nodejs-22.5.1",
              "default": true
            },
            {
              "name": "libv8",
              "path": "/nix/store/yz4k4kg5spvnr5hfl0zam0180qmi82nk-nodejs-22.5.1-libv8"
            }
          ],
          "store_path": "/nix/store/vbbk37g24vayjad0jzi7jyf92rbadz7l-nodejs-22.5.1"
        },
        "aarch64-linux": {
          "outputs": [
            {
              "name": "out",
              "path": "/nix/store/85ngdpilv2mdhb8b5fmqzrbnkhin7jwn-nodejs-22.5.1",
              "default": true
            },
            {
              "name": "libv8",
              "path": "/nix/store/12a20901b329n3zj9b1a0c5swcm37yvy-nodejs-22.5.1-libv8"
            }
          ],
          "store_path": "/nix/store/85ngdpilv2mdhb8b5fmqzrbnkhin7jwn-nodejs-22.5.1"
        },
        "x86_64-darwin": {
          "outputs": [
            {
              "name": "out",
              "path": "/nix/store/nzjjzxmab6ph0s4dprqw1b6v9piancsi-nodejs-22.5.1",
              "default": true
            },
            {
              "name": "libv8",
              "path": "/nix/store/xnxcqr676ffb62gkz3nwh4zyiarla7hi-nodejs-22.5.1-libv8"
            }
          ],
          "store_path": "/nix/store/nzjjzxmab6ph0s4dprqw1b6v9piancsi-nodejs-22.5.1"
        },
        "x86_64-linux": {
          "outputs": [
            {
              "name": "out",
              "path": "/nix/store/kxy4210mqs50ribr9dj2y6r03mbmjifj-nodejs-22.5.1",
              "default": true
            },
            {
              "name": "libv8",
              "path": "/nix/store/ii07lzp5c0h21g1cm681bimak86np677-nodejs-22.5.1-libv8"
            }
          ],
          "store_path": "/nix/store/kxy4210mqs50ribr9dj2y6r03mbmjifj-nodejs-22.5.1"
        }
      }
    },
    "python@latest": {
      "last_modified": "2024-08-14T11:41:26Z",
      "plugin_version": "0.0.3",
      "resolved": "github:NixOS/nixpkgs/0cb2fd7c59fed0cd82ef858cbcbdb552b9a33465#python3",
      "source": "devbox-search",
      "version": "3.12.4",
      "systems": {
        "aarch64-darwin": {
          "outputs": [
            {
              "name": "out",
              "path": "/nix/store/xnm9sbp02pp2704dvx4kb8g0yxn263pn-python3-3.12.4",
              "default": true
            }
          ],
          "store_path": "/nix/store/xnm9sbp02pp2704dvx4kb8g0yxn263pn-python3-3.12.4"
        },
        "aarch64-linux": {
          "outputs": [
            {
              "name": "out",
              "path": "/nix/store/wviq85xs5awfp75mj5sjq9mn1nkqhq12-python3-3.12.4",
              "default": true
            },
            {
              "name": "debug",
              "path": "/nix/store/cglyj6nr5rcr0j9c36xqvybk5rj7hi6x-python3-3.12.4-debug"
            }
          ],
          "store_path": "/nix/store/wviq85xs5awfp75mj5sjq9mn1nkqhq12-python3-3.12.4"
        },
        "x86_64-darwin": {
          "outputs": [
            {
              "name": "out",
              "path": "/nix/store/dc7kp6g4s76jlfjhjdpibjfc8pglhlcs-python3-3.12.4",
              "default": true
            }
          ],
          "store_path": "/nix/store/dc7kp6g4s76jlfjhjdpibjfc8pglhlcs-python3-3.12.4"
        },
        "x86_64-linux": {
          "outputs": [
            {
              "name": "out",
              "path": "/nix/store/04gg5w1s662l329a8kh9xcwyp0k64v5a-python3-3.12.4",
              "default": true
            },
            {
              "name": "debug",
              "path": "/nix/store/w2ycb82p1q4xdpm2pzcqk7k58f89wv6l-python3-3.12.4-debug"
            }
          ],
          "store_path": "/nix/store/04gg5w1s662l329a8kh9xcwyp0k64v5a-python3-3.12.4"
        }
      }
    },
    "ripgrep@latest": {
      "last_modified": "2024-08-14T11:41:26Z",
      "resolved": "github:NixOS/nixpkgs/0cb2fd7c59fed0cd82ef858cbcbdb552b9a33465#ripgrep",
      "source": "devbox-search",
      "version": "14.1.0",
      "systems": {
        "aarch64-darwin": {
          "outputs": [
            {
              "name": "out",
              "path": "/nix/store/ncjdn9va4ipnlq2dzgb7nfykib1c6bjm-ripgrep-14.1.0",
              "default": true
            }
          ],
          "store_path": "/nix/store/ncjdn9va4ipnlq2dzgb7nfykib1c6bjm-ripgrep-14.1.0"
        },
        "aarch64-linux": {
          "outputs": [
            {
              "name": "out",
              "path": "/nix/store/86wylzjxivj2j3nvnfghx8lxxz5cvlh3-ripgrep-14.1.0",
              "default": true
            }
          ],
          "store_path": "/nix/store/86wylzjxivj2j3nvnfghx8lxxz5cvlh3-ripgrep-14.1.0"
        },
        "x86_64-darwin": {
          "outputs": [
            {
              "name": "out",
              "path": "/nix/store/bzqphf7apbnpfnvmph6wgcqkq3m6b3jy-ripgrep-14.1.0",
              "default": true
            }
          ],
          "store_path": "/nix/store/bzqphf7apbnpfnvmph6wgcqkq3m6b3jy-ripgrep-14.1.0"
        },
        "x86_64-linux": {
          "outputs": [
            {
              "name": "out",
              "path": "/nix/store/kvavq81wmgsl1bj5wvccvmjw0050r7yc-ripgrep-14.1.0",
              "default": true
            }
          ],
          "store_path": "/nix/store/kvavq81wmgsl1bj5wvccvmjw0050r7yc-ripgrep-14.1.0"
        }
      }
    },
    "sops@latest": {
      "last_modified": "2024-08-14T11:41:26Z",
      "resolved": "github:NixOS/nixpkgs/0cb2fd7c59fed0cd82ef858cbcbdb552b9a33465#sops",
      "source": "devbox-search",
      "version": "3.9.0",
      "systems": {
        "aarch64-darwin": {
          "outputs": [
            {
              "name": "out",
              "path": "/nix/store/jmnkik4h8mbk6pk90p1n2jks0n8gzr9d-sops-3.9.0",
              "default": true
            }
          ],
          "store_path": "/nix/store/jmnkik4h8mbk6pk90p1n2jks0n8gzr9d-sops-3.9.0"
        },
        "aarch64-linux": {
          "outputs": [
            {
              "name": "out",
              "path": "/nix/store/d92qg78lxaq08c9mwhy2969xdhri9m8j-sops-3.9.0",
              "default": true
            }
          ],
          "store_path": "/nix/store/d92qg78lxaq08c9mwhy2969xdhri9m8j-sops-3.9.0"
        },
        "x86_64-darwin": {
          "outputs": [
            {
              "name": "out",
              "path": "/nix/store/yymymzk3i5k2zr0921ihphv9lrfsqpws-sops-3.9.0",
              "default": true
            }
          ],
          "store_path": "/nix/store/yymymzk3i5k2zr0921ihphv9lrfsqpws-sops-3.9.0"
        },
        "x86_64-linux": {
          "outputs": [
            {
              "name": "out",
              "path": "/nix/store/zgldnla2cfyixsvpa2bvfwqnqnfk5yyz-sops-3.9.0",
              "default": true
            }
          ],
          "store_path": "/nix/store/zgldnla2cfyixsvpa2bvfwqnqnfk5yyz-sops-3.9.0"
        }
      }
    },
    "sqlite@latest": {
      "last_modified": "2024-08-20T18:17:24Z",
      "resolved": "github:NixOS/nixpkgs/d13fa5a45a34e7c8be33474f58003914430bdc5a#sqlite",
      "source": "devbox-search",
      "version": "3.46.0",
      "systems": {
        "aarch64-darwin": {
          "outputs": [
            {
              "name": "bin",
              "path": "/nix/store/x9l1l9kd319hg80i54y3cxn32rrzhilz-sqlite-3.46.0-bin",
              "default": true
            },
            {
              "name": "dev",
              "path": "/nix/store/khx2r5a5hwjfvn7n9f9p8smcaaxdirv1-sqlite-3.46.0-dev"
            },
            {
              "name": "out",
              "path": "/nix/store/ab934rv6w39hha3q6km0f9l4qca32fkj-sqlite-3.46.0"
            }
          ],
          "store_path": "/nix/store/x9l1l9kd319hg80i54y3cxn32rrzhilz-sqlite-3.46.0-bin"
        },
        "aarch64-linux": {
          "outputs": [
            {
              "name": "bin",
              "path": "/nix/store/s3pjh20w4pdwq36vyskzmydzynyqhlz4-sqlite-3.46.0-bin",
              "default": true
            },
            {
              "name": "debug",
              "path": "/nix/store/w49ixxrgkwwjaadcf8nlk01r4ngnall0-sqlite-3.46.0-debug"
            },
            {
              "name": "dev",
              "path": "/nix/store/xfjqvpddq5wk9s1337nmavm6ilsr563p-sqlite-3.46.0-dev"
            },
            {
              "name": "out",
              "path": "/nix/store/zz17pkcabaqc8v11jn8x3x9jhxqilzz1-sqlite-3.46.0"
            }
          ],
          "store_path": "/nix/store/s3pjh20w4pdwq36vyskzmydzynyqhlz4-sqlite-3.46.0-bin"
        },
        "x86_64-darwin": {
          "outputs": [
            {
              "name": "bin",
              "path": "/nix/store/gms9fw05wx18g3dvf1x226xs9amhzdlm-sqlite-3.46.0-bin",
              "default": true
            },
            {
              "name": "out",
              "path": "/nix/store/05ms62f7nw3id4i900iyaa0fcrc4hkx4-sqlite-3.46.0"
            },
            {
              "name": "dev",
              "path": "/nix/store/m1amn8pjdr1gx7alw8vh5a8r2nh42ilc-sqlite-3.46.0-dev"
            }
          ],
          "store_path": "/nix/store/gms9fw05wx18g3dvf1x226xs9amhzdlm-sqlite-3.46.0-bin"
        },
        "x86_64-linux": {
          "outputs": [
            {
              "name": "bin",
              "path": "/nix/store/jmd9xi0qy1jdcllbcjq3cdi0rqnp2v7c-sqlite-3.46.0-bin",
              "default": true
            },
            {
              "name": "debug",
              "path": "/nix/store/k4y3071kjmpxlkmbwlq88wq4xkfk3xv3-sqlite-3.46.0-debug"
            },
            {
              "name": "dev",
              "path": "/nix/store/pmbv63crfrpqawazlw5q2mgbz9v4kn86-sqlite-3.46.0-dev"
            },
            {
              "name": "out",
              "path": "/nix/store/2qvi978srnw5fikn0cmhk65w4vk2c2kc-sqlite-3.46.0"
            }
          ],
          "store_path": "/nix/store/jmd9xi0qy1jdcllbcjq3cdi0rqnp2v7c-sqlite-3.46.0-bin"
        }
      }
    },
    "tealdeer@latest": {
      "last_modified": "2024-08-14T11:41:26Z",
      "resolved": "github:NixOS/nixpkgs/0cb2fd7c59fed0cd82ef858cbcbdb552b9a33465#tealdeer",
      "source": "devbox-search",
      "version": "1.6.1",
      "systems": {
        "aarch64-darwin": {
          "outputs": [
            {
              "name": "out",
              "path": "/nix/store/46vgdavmp9rqb3sgiw665bkac49qzvhw-tealdeer-1.6.1",
              "default": true
            }
          ],
          "store_path": "/nix/store/46vgdavmp9rqb3sgiw665bkac49qzvhw-tealdeer-1.6.1"
        },
        "aarch64-linux": {
          "outputs": [
            {
              "name": "out",
              "path": "/nix/store/fbxx22mx0212dwj564fh5jb955lb4xrh-tealdeer-1.6.1",
              "default": true
            }
          ],
          "store_path": "/nix/store/fbxx22mx0212dwj564fh5jb955lb4xrh-tealdeer-1.6.1"
        },
        "x86_64-darwin": {
          "outputs": [
            {
              "name": "out",
              "path": "/nix/store/rg2wc73xgip3a8f6wyp5diff6xh3wvps-tealdeer-1.6.1",
              "default": true
            }
          ],
          "store_path": "/nix/store/rg2wc73xgip3a8f6wyp5diff6xh3wvps-tealdeer-1.6.1"
        },
        "x86_64-linux": {
          "outputs": [
            {
              "name": "out",
              "path": "/nix/store/wyd3nafm16xyxa0ak5l1rf789z1w509z-tealdeer-1.6.1",
              "default": true
            }
          ],
          "store_path": "/nix/store/wyd3nafm16xyxa0ak5l1rf789z1w509z-tealdeer-1.6.1"
        }
      }
    },
    "tmux@latest": {
      "last_modified": "2024-08-14T11:41:26Z",
      "resolved": "github:NixOS/nixpkgs/0cb2fd7c59fed0cd82ef858cbcbdb552b9a33465#tmux",
      "source": "devbox-search",
      "version": "3.4",
      "systems": {
        "aarch64-darwin": {
          "outputs": [
            {
              "name": "out",
              "path": "/nix/store/scr1lb8cylbksav31qias8h0dd8sqs0b-tmux-3.4",
              "default": true
            },
            {
              "name": "man",
              "path": "/nix/store/3cslql8js7mbyixgdhnydzn34dsxz2jm-tmux-3.4-man",
              "default": true
            }
          ],
          "store_path": "/nix/store/scr1lb8cylbksav31qias8h0dd8sqs0b-tmux-3.4"
        },
        "aarch64-linux": {
          "outputs": [
            {
              "name": "out",
              "path": "/nix/store/r63kxisclhj127bxxswac5j173sd5n77-tmux-3.4",
              "default": true
            },
            {
              "name": "man",
              "path": "/nix/store/vy4wrk0yay6lsw94pky0h73vmbqhj3pi-tmux-3.4-man",
              "default": true
            }
          ],
          "store_path": "/nix/store/r63kxisclhj127bxxswac5j173sd5n77-tmux-3.4"
        },
        "x86_64-darwin": {
          "outputs": [
            {
              "name": "out",
              "path": "/nix/store/69f076mygdwyal1c3m6xwdbagamc78sr-tmux-3.4",
              "default": true
            },
            {
              "name": "man",
              "path": "/nix/store/y46khbpq1bahxbgqpdhzq1g8sxfikj60-tmux-3.4-man",
              "default": true
            }
          ],
          "store_path": "/nix/store/69f076mygdwyal1c3m6xwdbagamc78sr-tmux-3.4"
        },
        "x86_64-linux": {
          "outputs": [
            {
              "name": "out",
              "path": "/nix/store/s981l54k5blsb7fp9gysbcsk3rp4jl3d-tmux-3.4",
              "default": true
            },
            {
              "name": "man",
              "path": "/nix/store/yw2mhaz04lcd9ci0x46x9ab0yahvd2q8-tmux-3.4-man",
              "default": true
            }
          ],
          "store_path": "/nix/store/s981l54k5blsb7fp9gysbcsk3rp4jl3d-tmux-3.4"
        }
      }
    },
    "tree-sitter@latest": {
      "last_modified": "2024-08-14T11:41:26Z",
      "resolved": "github:NixOS/nixpkgs/0cb2fd7c59fed0cd82ef858cbcbdb552b9a33465#tree-sitter",
      "source": "devbox-search",
      "version": "0.22.6",
      "systems": {
        "aarch64-darwin": {
          "outputs": [
            {
              "name": "out",
              "path": "/nix/store/qshv7dhh4fk0j3bffawir0c10dwal6cr-tree-sitter-0.22.6",
              "default": true
            }
          ],
          "store_path": "/nix/store/qshv7dhh4fk0j3bffawir0c10dwal6cr-tree-sitter-0.22.6"
        },
        "aarch64-linux": {
          "outputs": [
            {
              "name": "out",
              "path": "/nix/store/hv8bzxlnm5854fmnkazz1nbavb78azcl-tree-sitter-0.22.6",
              "default": true
            }
          ],
          "store_path": "/nix/store/hv8bzxlnm5854fmnkazz1nbavb78azcl-tree-sitter-0.22.6"
        },
        "x86_64-darwin": {
          "outputs": [
            {
              "name": "out",
              "path": "/nix/store/m4jwcxdsdmdn8m9ck38jjrndscl0wywr-tree-sitter-0.22.6",
              "default": true
            }
          ],
          "store_path": "/nix/store/m4jwcxdsdmdn8m9ck38jjrndscl0wywr-tree-sitter-0.22.6"
        },
        "x86_64-linux": {
          "outputs": [
            {
              "name": "out",
              "path": "/nix/store/crpzlgrg1ldz2z54jlzg8s7g65rbs142-tree-sitter-0.22.6",
              "default": true
            }
          ],
          "store_path": "/nix/store/crpzlgrg1ldz2z54jlzg8s7g65rbs142-tree-sitter-0.22.6"
        }
      }
    }
  }
}
